Microsoft Visual Studio Solution File, Format Version 12.00
# Visual Studio 2012
Project("{FAE04EC0-301F-11D3-BF4B-00C04F79EFBC}") = "Koffing", "Koffing.csproj", "{9EA4E2A3-371F-40F6-B57E-E51947428D6E}"
EndProject
Global
	GlobalSection(SolutionConfigurationPlatforms) = preSolution
	Debug|Any CPU = Debug|Any CPU
	ExportDebug|Any CPU = ExportDebug|Any CPU
	ExportRelease|Any CPU = ExportRelease|Any CPU
	EndGlobalSection
	GlobalSection(ProjectConfigurationPlatforms) = postSolution
		{9EA4E2A3-371F-40F6-B57E-E51947428D6E}.Debug|Any CPU.ActiveCfg = Debug|Any CPU
		{9EA4E2A3-371F-40F6-B57E-E51947428D6E}.Debug|Any CPU.Build.0 = Debug|Any CPU
		{9EA4E2A3-371F-40F6-B57E-E51947428D6E}.ExportDebug|Any CPU.ActiveCfg = ExportDebug|Any CPU
		{9EA4E2A3-371F-40F6-B57E-E51947428D6E}.ExportDebug|Any CPU.Build.0 = ExportDebug|Any CPU
		{9EA4E2A3-371F-40F6-B57E-E51947428D6E}.ExportRelease|Any CPU.ActiveCfg = ExportRelease|Any CPU
		{9EA4E2A3-371F-40F6-B57E-E51947428D6E}.ExportRelease|Any CPU.Build.0 = ExportRelease|Any CPU
	EndGlobalSection
EndGlobal
